
Microsoft Visual Studio Solution File, Format Version 12.00
# Visual Studio Version 17
VisualStudioVersion = 17.4.33205.214
MinimumVisualStudioVersion = 10.0.40219.1
Project("{9A19103F-16F7-4668-BE54-9A1E7A4F7556}") = "webOnlyFeiras", "webOnlyFeiras\webOnlyFeiras.csproj", "{A19079A6-3B4E-4A3B-9AA5-637EE6F0523D}"
EndProject
Global
	GlobalSection(SolutionConfigurationPlatforms) = preSolution
		Debug|Any CPU = Debug|Any CPU
		Release|Any CPU = Release|Any CPU
	EndGlobalSection
	GlobalSection(ProjectConfigurationPlatforms) = postSolution
		{A19079A6-3B4E-4A3B-9AA5-637EE6F0523D}.Debug|Any CPU.ActiveCfg = Debug|Any CPU
		{A19079A6-3B4E-4A3B-9AA5-637EE6F0523D}.Debug|Any CPU.Build.0 = Debug|Any CPU
		{A19079A6-3B4E-4A3B-9AA5-637EE6F0523D}.Release|Any CPU.ActiveCfg = Release|Any CPU
		{A19079A6-3B4E-4A3B-9AA5-637EE6F0523D}.Release|Any CPU.Build.0 = Release|Any CPU
	EndGlobalSection
	GlobalSection(SolutionProperties) = preSolution
		HideSolutionNode = FALSE
	EndGlobalSection
	GlobalSection(ExtensibilityGlobals) = postSolution
		SolutionGuid = {041B1671-0510-4512-9A72-4B1F77A5CB89}
	EndGlobalSection
EndGlobal
